// !$*UTF8*$!
{
	archiveVersion = 1;
	classes = {
	};
	objectVersion = 51;
	objects = {

/* Begin PBXBuildFile section */
		1F29315A25DD09CA00A1886A /* EpisodeController.swift in Sources */ = {isa = PBXBuildFile; fileRef = 1F29315825DD09CA00A1886A /* EpisodeController.swift */; };
		1F29316025DD0A4600A1886A /* Episodes.swift in Sources */ = {isa = PBXBuildFile; fileRef = 1F29315F25DD0A4600A1886A /* Episodes.swift */; };
		1F29316E25DD153500A1886A /* EpisodesCell.swift in Sources */ = {isa = PBXBuildFile; fileRef = 1F29316C25DD153500A1886A /* EpisodesCell.swift */; };
		1F29316F25DD153500A1886A /* EpisodesCell.xib in Resources */ = {isa = PBXBuildFile; fileRef = 1F29316D25DD153500A1886A /* EpisodesCell.xib */; };
		1F29317425DD3B0800A1886A /* RssExtension.swift in Sources */ = {isa = PBXBuildFile; fileRef = 1F29317325DD3B0800A1886A /* RssExtension.swift */; };
		1F7CBFF125EAA09B00E3FCFB /* FavouritesPodcastController.swift in Sources */ = {isa = PBXBuildFile; fileRef = 1F7CBFF025EAA09B00E3FCFB /* FavouritesPodcastController.swift */; };
		1F7CBFF525EAA10A00E3FCFB /* FavouritesPodcastCell.swift in Sources */ = {isa = PBXBuildFile; fileRef = 1F7CBFF425EAA10A00E3FCFB /* FavouritesPodcastCell.swift */; };
		1F7CBFFC25EAB1D100E3FCFB /* FavouritePodcastState.swift in Sources */ = {isa = PBXBuildFile; fileRef = 1F7CBFFB25EAB1D100E3FCFB /* FavouritePodcastState.swift */; };
		1F83E76C25E639A000961107 /* CMTime.swift in Sources */ = {isa = PBXBuildFile; fileRef = 1F83E76B25E639A000961107 /* CMTime.swift */; };
		1F8439E525DBB6F30087B7A6 /* AppDelegate.swift in Sources */ = {isa = PBXBuildFile; fileRef = 1F8439E425DBB6F30087B7A6 /* AppDelegate.swift */; };
		1F8439E725DBB6F30087B7A6 /* SceneDelegate.swift in Sources */ = {isa = PBXBuildFile; fileRef = 1F8439E625DBB6F30087B7A6 /* SceneDelegate.swift */; };
		1F8439E925DBB6F30087B7A6 /* ViewController.swift in Sources */ = {isa = PBXBuildFile; fileRef = 1F8439E825DBB6F30087B7A6 /* ViewController.swift */; };
		1F8439F125DBB6F60087B7A6 /* LaunchScreen.storyboard in Resources */ = {isa = PBXBuildFile; fileRef = 1F8439EF25DBB6F60087B7A6 /* LaunchScreen.storyboard */; };
		1F8439FE25DBB7FE0087B7A6 /* MainTabBarController.swift in Sources */ = {isa = PBXBuildFile; fileRef = 1F8439FD25DBB7FE0087B7A6 /* MainTabBarController.swift */; };
		1F843A2225DBBAEB0087B7A6 /* Assets.xcassets in Resources */ = {isa = PBXBuildFile; fileRef = 1F843A2125DBBAEB0087B7A6 /* Assets.xcassets */; };
		1F843A2825DBDAB10087B7A6 /* SearchController.swift in Sources */ = {isa = PBXBuildFile; fileRef = 1F843A2725DBDAB10087B7A6 /* SearchController.swift */; };
		1F843A2D25DBDC570087B7A6 /* Podcast.swift in Sources */ = {isa = PBXBuildFile; fileRef = 1F843A2C25DBDC570087B7A6 /* Podcast.swift */; };
		1F8D832E25E82699002761AD /* MiniPlayerDetailsGesture.swift in Sources */ = {isa = PBXBuildFile; fileRef = 1F8D832D25E82699002761AD /* MiniPlayerDetailsGesture.swift */; };
		1F8D833325E83385002761AD /* MainPlayerDetailsGesture.swift in Sources */ = {isa = PBXBuildFile; fileRef = 1F8D833225E83385002761AD /* MainPlayerDetailsGesture.swift */; };
		1F8D833625E90858002761AD /* PlayerCommandControls.swift in Sources */ = {isa = PBXBuildFile; fileRef = 1F8D833525E90858002761AD /* PlayerCommandControls.swift */; };
		1FB5133225E6CDC800DCD729 /* RootController.swift in Sources */ = {isa = PBXBuildFile; fileRef = 1FB5133125E6CDC800DCD729 /* RootController.swift */; };
		1FB9A86125DC02A200476AF9 /* SearchResults.swift in Sources */ = {isa = PBXBuildFile; fileRef = 1FB9A86025DC02A100476AF9 /* SearchResults.swift */; };
		1FB9A86525DC10DD00476AF9 /* APIExtension.swift in Sources */ = {isa = PBXBuildFile; fileRef = 1FB9A86425DC10DC00476AF9 /* APIExtension.swift */; };
		1FB9A87125DC197700476AF9 /* SearchCell.swift in Sources */ = {isa = PBXBuildFile; fileRef = 1FB9A86F25DC197700476AF9 /* SearchCell.swift */; };
		1FB9A87225DC197700476AF9 /* SearchCell.xib in Resources */ = {isa = PBXBuildFile; fileRef = 1FB9A87025DC197700476AF9 /* SearchCell.xib */; };
		1FE9069825DE42880048B2AD /* playerDetailsView.xib in Resources */ = {isa = PBXBuildFile; fileRef = 1FE9069725DE42880048B2AD /* playerDetailsView.xib */; };
		1FE9069C25DE4A0D0048B2AD /* PlayerDetailsView.swift in Sources */ = {isa = PBXBuildFile; fileRef = 1FE9069B25DE4A0C0048B2AD /* PlayerDetailsView.swift */; };
		39DC5A18F1BC9B63FFF76F8D /* Pods_Podcast.framework in Frameworks */ = {isa = PBXBuildFile; fileRef = F8D530BC6B9C3CE0621ECACA /* Pods_Podcast.framework */; };
/* End PBXBuildFile section */

/* Begin PBXFileReference section */
		1F29315825DD09CA00A1886A /* EpisodeController.swift */ = {isa = PBXFileReference; lastKnownFileType = sourcecode.swift; path = EpisodeController.swift; sourceTree = "<group>"; };
		1F29315F25DD0A4600A1886A /* Episodes.swift */ = {isa = PBXFileReference; lastKnownFileType = sourcecode.swift; path = Episodes.swift; sourceTree = "<group>"; };
		1F29316C25DD153500A1886A /* EpisodesCell.swift */ = {isa = PBXFileReference; lastKnownFileType = sourcecode.swift; path = EpisodesCell.swift; sourceTree = "<group>"; };
		1F29316D25DD153500A1886A /* EpisodesCell.xib */ = {isa = PBXFileReference; lastKnownFileType = file.xib; path = EpisodesCell.xib; sourceTree = "<group>"; };
		1F29317325DD3B0800A1886A /* RssExtension.swift */ = {isa = PBXFileReference; lastKnownFileType = sourcecode.swift; path = RssExtension.swift; sourceTree = "<group>"; };
		1F7CBFF025EAA09B00E3FCFB /* FavouritesPodcastController.swift */ = {isa = PBXFileReference; lastKnownFileType = sourcecode.swift; path = FavouritesPodcastController.swift; sourceTree = "<group>"; };
		1F7CBFF425EAA10A00E3FCFB /* FavouritesPodcastCell.swift */ = {isa = PBXFileReference; lastKnownFileType = sourcecode.swift; path = FavouritesPodcastCell.swift; sourceTree = "<group>"; };
		1F7CBFFB25EAB1D100E3FCFB /* FavouritePodcastState.swift */ = {isa = PBXFileReference; lastKnownFileType = sourcecode.swift; path = FavouritePodcastState.swift; sourceTree = "<group>"; };
		1F83E76B25E639A000961107 /* CMTime.swift */ = {isa = PBXFileReference; lastKnownFileType = sourcecode.swift; path = CMTime.swift; sourceTree = "<group>"; };
		1F8439E125DBB6F30087B7A6 /* Podcast.app */ = {isa = PBXFileReference; explicitFileType = wrapper.application; includeInIndex = 0; path = Podcast.app; sourceTree = BUILT_PRODUCTS_DIR; };
		1F8439E425DBB6F30087B7A6 /* AppDelegate.swift */ = {isa = PBXFileReference; lastKnownFileType = sourcecode.swift; path = AppDelegate.swift; sourceTree = "<group>"; };
		1F8439E625DBB6F30087B7A6 /* SceneDelegate.swift */ = {isa = PBXFileReference; lastKnownFileType = sourcecode.swift; path = SceneDelegate.swift; sourceTree = "<group>"; };
		1F8439E825DBB6F30087B7A6 /* ViewController.swift */ = {isa = PBXFileReference; lastKnownFileType = sourcecode.swift; path = ViewController.swift; sourceTree = "<group>"; };
		1F8439F025DBB6F60087B7A6 /* Base */ = {isa = PBXFileReference; lastKnownFileType = file.storyboard; name = Base; path = Base.lproj/LaunchScreen.storyboard; sourceTree = "<group>"; };
		1F8439F225DBB6F60087B7A6 /* Info.plist */ = {isa = PBXFileReference; lastKnownFileType = text.plist.xml; path = Info.plist; sourceTree = "<group>"; };
		1F8439FD25DBB7FE0087B7A6 /* MainTabBarController.swift */ = {isa = PBXFileReference; lastKnownFileType = sourcecode.swift; path = MainTabBarController.swift; sourceTree = "<group>"; };
		1F843A2125DBBAEB0087B7A6 /* Assets.xcassets */ = {isa = PBXFileReference; lastKnownFileType = folder.assetcatalog; name = Assets.xcassets; path = ../../../../../Downloads/PodcastsCourseLBTA_ep25_drag_drop_dismissal_pt3/PodcastsCourseLBTA/PodcastsCourseLBTA/Assets.xcassets; sourceTree = "<group>"; };
		1F843A2725DBDAB10087B7A6 /* SearchController.swift */ = {isa = PBXFileReference; lastKnownFileType = sourcecode.swift; path = SearchController.swift; sourceTree = "<group>"; };
		1F843A2C25DBDC570087B7A6 /* Podcast.swift */ = {isa = PBXFileReference; lastKnownFileType = sourcecode.swift; path = Podcast.swift; sourceTree = "<group>"; };
		1F8D832D25E82699002761AD /* MiniPlayerDetailsGesture.swift */ = {isa = PBXFileReference; lastKnownFileType = sourcecode.swift; path = MiniPlayerDetailsGesture.swift; sourceTree = "<group>"; };
		1F8D833225E83385002761AD /* MainPlayerDetailsGesture.swift */ = {isa = PBXFileReference; lastKnownFileType = sourcecode.swift; path = MainPlayerDetailsGesture.swift; sourceTree = "<group>"; };
		1F8D833525E90858002761AD /* PlayerCommandControls.swift */ = {isa = PBXFileReference; lastKnownFileType = sourcecode.swift; path = PlayerCommandControls.swift; sourceTree = "<group>"; };
		1FB5133125E6CDC800DCD729 /* RootController.swift */ = {isa = PBXFileReference; lastKnownFileType = sourcecode.swift; path = RootController.swift; sourceTree = "<group>"; };
		1FB9A86025DC02A100476AF9 /* SearchResults.swift */ = {isa = PBXFileReference; lastKnownFileType = sourcecode.swift; path = SearchResults.swift; sourceTree = "<group>"; };
		1FB9A86425DC10DC00476AF9 /* APIExtension.swift */ = {isa = PBXFileReference; lastKnownFileType = sourcecode.swift; path = APIExtension.swift; sourceTree = "<group>"; };
		1FB9A86F25DC197700476AF9 /* SearchCell.swift */ = {isa = PBXFileReference; lastKnownFileType = sourcecode.swift; path = SearchCell.swift; sourceTree = "<group>"; };
		1FB9A87025DC197700476AF9 /* SearchCell.xib */ = {isa = PBXFileReference; lastKnownFileType = file.xib; path = SearchCell.xib; sourceTree = "<group>"; };
		1FE9069725DE42880048B2AD /* playerDetailsView.xib */ = {isa = PBXFileReference; lastKnownFileType = file.xib; path = playerDetailsView.xib; sourceTree = "<group>"; };
		1FE9069B25DE4A0C0048B2AD /* PlayerDetailsView.swift */ = {isa = PBXFileReference; lastKnownFileType = sourcecode.swift; path = PlayerDetailsView.swift; sourceTree = "<group>"; };
		75D91F013331397C4446E7B7 /* Pods-Podcast.debug.xcconfig */ = {isa = PBXFileReference; includeInIndex = 1; lastKnownFileType = text.xcconfig; name = "Pods-Podcast.debug.xcconfig"; path = "Target Support Files/Pods-Podcast/Pods-Podcast.debug.xcconfig"; sourceTree = "<group>"; };
		A0770A456885AC087E30B4B0 /* Pods-Podcast.release.xcconfig */ = {isa = PBXFileReference; includeInIndex = 1; lastKnownFileType = text.xcconfig; name = "Pods-Podcast.release.xcconfig"; path = "Target Support Files/Pods-Podcast/Pods-Podcast.release.xcconfig"; sourceTree = "<group>"; };
		F8D530BC6B9C3CE0621ECACA /* Pods_Podcast.framework */ = {isa = PBXFileReference; explicitFileType = wrapper.framework; includeInIndex = 0; path = Pods_Podcast.framework; sourceTree = BUILT_PRODUCTS_DIR; };
/* End PBXFileReference section */

/* Begin PBXFrameworksBuildPhase section */
		1F8439DE25DBB6F30087B7A6 /* Frameworks */ = {
			isa = PBXFrameworksBuildPhase;
			buildActionMask = 2147483647;
			files = (
				39DC5A18F1BC9B63FFF76F8D /* Pods_Podcast.framework in Frameworks */,
			);
			runOnlyForDeploymentPostprocessing = 0;
		};
/* End PBXFrameworksBuildPhase section */

/* Begin PBXGroup section */
		1F29315D25DD09D000A1886A /* Episodes */ = {
			isa = PBXGroup;
			children = (
				1F29315825DD09CA00A1886A /* EpisodeController.swift */,
				1FE9069A25DE49EF0048B2AD /* PlayerDetailsView */,
				1F29316B25DD150D00A1886A /* EpisodesView */,
			);
			path = Episodes;
			sourceTree = "<group>";
		};
		1F29316B25DD150D00A1886A /* EpisodesView */ = {
			isa = PBXGroup;
			children = (
				1F29316C25DD153500A1886A /* EpisodesCell.swift */,
				1F29316D25DD153500A1886A /* EpisodesCell.xib */,
			);
			path = EpisodesView;
			sourceTree = "<group>";
		};
		1F29317225DD3AA100A1886A /* Extensions */ = {
			isa = PBXGroup;
			children = (
				1F29317325DD3B0800A1886A /* RssExtension.swift */,
				1F83E76B25E639A000961107 /* CMTime.swift */,
				1FB5133125E6CDC800DCD729 /* RootController.swift */,
				1F7CBFFB25EAB1D100E3FCFB /* FavouritePodcastState.swift */,
			);
			path = Extensions;
			sourceTree = "<group>";
		};
		1F7CBFF325EAA0A100E3FCFB /* Favourites */ = {
			isa = PBXGroup;
			children = (
				1F7CBFF025EAA09B00E3FCFB /* FavouritesPodcastController.swift */,
				1F7CBFF425EAA10A00E3FCFB /* FavouritesPodcastCell.swift */,
			);
			path = Favourites;
			sourceTree = "<group>";
		};
		1F8439D825DBB6F30087B7A6 = {
			isa = PBXGroup;
			children = (
				1F8439E325DBB6F30087B7A6 /* Podcast */,
				1F8439E225DBB6F30087B7A6 /* Products */,
				DB793C338F29FEC03E9DDD06 /* Pods */,
				AB704BA4497F83DC899E6E73 /* Frameworks */,
			);
			sourceTree = "<group>";
		};
		1F8439E225DBB6F30087B7A6 /* Products */ = {
			isa = PBXGroup;
			children = (
				1F8439E125DBB6F30087B7A6 /* Podcast.app */,
			);
			name = Products;
			sourceTree = "<group>";
		};
		1F8439E325DBB6F30087B7A6 /* Podcast */ = {
			isa = PBXGroup;
			children = (
				1F7CBFF325EAA0A100E3FCFB /* Favourites */,
				1F29317225DD3AA100A1886A /* Extensions */,
				1F29315D25DD09D000A1886A /* Episodes */,
				1FB9A86325DC10CD00476AF9 /* API */,
				1F843A2F25DBDC630087B7A6 /* Models */,
				1F843A2A25DBDB3A0087B7A6 /* Search Controller */,
				1F8439E425DBB6F30087B7A6 /* AppDelegate.swift */,
				1F8439E625DBB6F30087B7A6 /* SceneDelegate.swift */,
				1F8439E825DBB6F30087B7A6 /* ViewController.swift */,
				1F843A2125DBBAEB0087B7A6 /* Assets.xcassets */,
				1F8439EF25DBB6F60087B7A6 /* LaunchScreen.storyboard */,
				1F8439F225DBB6F60087B7A6 /* Info.plist */,
				1F8439FD25DBB7FE0087B7A6 /* MainTabBarController.swift */,
			);
			path = Podcast;
			sourceTree = "<group>";
		};
		1F843A2A25DBDB3A0087B7A6 /* Search Controller */ = {
			isa = PBXGroup;
			children = (
				1F843A2725DBDAB10087B7A6 /* SearchController.swift */,
				1FB9A86925DC185F00476AF9 /* SearchView */,
			);
			path = "Search Controller";
			sourceTree = "<group>";
		};
		1F843A2F25DBDC630087B7A6 /* Models */ = {
			isa = PBXGroup;
			children = (
				1F843A2C25DBDC570087B7A6 /* Podcast.swift */,
				1FB9A86025DC02A100476AF9 /* SearchResults.swift */,
				1F29315F25DD0A4600A1886A /* Episodes.swift */,
			);
			path = Models;
			sourceTree = "<group>";
		};
		1FB9A86325DC10CD00476AF9 /* API */ = {
			isa = PBXGroup;
			children = (
				1FB9A86425DC10DC00476AF9 /* APIExtension.swift */,
			);
			path = API;
			sourceTree = "<group>";
		};
		1FB9A86925DC185F00476AF9 /* SearchView */ = {
			isa = PBXGroup;
			children = (
				1FB9A86F25DC197700476AF9 /* SearchCell.swift */,
				1FB9A87025DC197700476AF9 /* SearchCell.xib */,
			);
			path = SearchView;
			sourceTree = "<group>";
		};
		1FE9069A25DE49EF0048B2AD /* PlayerDetailsView */ = {
			isa = PBXGroup;
			children = (
				1F8D833525E90858002761AD /* PlayerCommandControls.swift */,
				1FE9069B25DE4A0C0048B2AD /* PlayerDetailsView.swift */,
				1FE9069725DE42880048B2AD /* playerDetailsView.xib */,
				1F8D832D25E82699002761AD /* MiniPlayerDetailsGesture.swift */,
				1F8D833225E83385002761AD /* MainPlayerDetailsGesture.swift */,
			);
			path = PlayerDetailsView;
			sourceTree = "<group>";
		};
		AB704BA4497F83DC899E6E73 /* Frameworks */ = {
			isa = PBXGroup;
			children = (
				F8D530BC6B9C3CE0621ECACA /* Pods_Podcast.framework */,
			);
			name = Frameworks;
			sourceTree = "<group>";
		};
		DB793C338F29FEC03E9DDD06 /* Pods */ = {
			isa = PBXGroup;
			children = (
				75D91F013331397C4446E7B7 /* Pods-Podcast.debug.xcconfig */,
				A0770A456885AC087E30B4B0 /* Pods-Podcast.release.xcconfig */,
			);
			path = Pods;
			sourceTree = "<group>";
		};
/* End PBXGroup section */

/* Begin PBXNativeTarget section */
		1F8439E025DBB6F30087B7A6 /* Podcast */ = {
			isa = PBXNativeTarget;
			buildConfigurationList = 1F8439F525DBB6F60087B7A6 /* Build configuration list for PBXNativeTarget "Podcast" */;
			buildPhases = (
				D9D5C89B4263882CF409A3F2 /* [CP] Check Pods Manifest.lock */,
				1F8439DD25DBB6F30087B7A6 /* Sources */,
				1F8439DE25DBB6F30087B7A6 /* Frameworks */,
				1F8439DF25DBB6F30087B7A6 /* Resources */,
				D8C134867B3F8102C432950C /* [CP] Embed Pods Frameworks */,
			);
			buildRules = (
			);
			dependencies = (
			);
			name = Podcast;
			productName = Podcast;
			productReference = 1F8439E125DBB6F30087B7A6 /* Podcast.app */;
			productType = "com.apple.product-type.application";
		};
/* End PBXNativeTarget section */

/* Begin PBXProject section */
		1F8439D925DBB6F30087B7A6 /* Project object */ = {
			isa = PBXProject;
			attributes = {
				LastSwiftUpdateCheck = 1230;
				LastUpgradeCheck = 1230;
				TargetAttributes = {
					1F8439E025DBB6F30087B7A6 = {
						CreatedOnToolsVersion = 12.3;
					};
				};
			};
			buildConfigurationList = 1F8439DC25DBB6F30087B7A6 /* Build configuration list for PBXProject "Podcast" */;
			compatibilityVersion = "Xcode 9.3";
			developmentRegion = en;
			hasScannedForEncodings = 0;
			knownRegions = (
				en,
				Base,
			);
			mainGroup = 1F8439D825DBB6F30087B7A6;
			productRefGroup = 1F8439E225DBB6F30087B7A6 /* Products */;
			projectDirPath = "";
			projectRoot = "";
			targets = (
				1F8439E025DBB6F30087B7A6 /* Podcast */,
			);
		};
/* End PBXProject section */

/* Begin PBXResourcesBuildPhase section */
		1F8439DF25DBB6F30087B7A6 /* Resources */ = {
			isa = PBXResourcesBuildPhase;
			buildActionMask = 2147483647;
			files = (
				1F8439F125DBB6F60087B7A6 /* LaunchScreen.storyboard in Resources */,
				1F29316F25DD153500A1886A /* EpisodesCell.xib in Resources */,
				1F843A2225DBBAEB0087B7A6 /* Assets.xcassets in Resources */,
				1FE9069825DE42880048B2AD /* playerDetailsView.xib in Resources */,
				1FB9A87225DC197700476AF9 /* SearchCell.xib in Resources */,
			);
			runOnlyForDeploymentPostprocessing = 0;
		};
/* End PBXResourcesBuildPhase section */

/* Begin PBXShellScriptBuildPhase section */
		D8C134867B3F8102C432950C /* [CP] Embed Pods Frameworks */ = {
			isa = PBXShellScriptBuildPhase;
			buildActionMask = 2147483647;
			files = (
			);
			inputFileListPaths = (
				"${PODS_ROOT}/Target Support Files/Pods-Podcast/Pods-Podcast-frameworks-${CONFIGURATION}-input-files.xcfilelist",
			);
			name = "[CP] Embed Pods Frameworks";
			outputFileListPaths = (
				"${PODS_ROOT}/Target Support Files/Pods-Podcast/Pods-Podcast-frameworks-${CONFIGURATION}-output-files.xcfilelist",
			);
			runOnlyForDeploymentPostprocessing = 0;
			shellPath = /bin/sh;
			shellScript = "\"${PODS_ROOT}/Target Support Files/Pods-Podcast/Pods-Podcast-frameworks.sh\"\n";
			showEnvVarsInLog = 0;
		};
		D9D5C89B4263882CF409A3F2 /* [CP] Check Pods Manifest.lock */ = {
			isa = PBXShellScriptBuildPhase;
			buildActionMask = 2147483647;
			files = (
			);
			inputFileListPaths = (
			);
			inputPaths = (
				"${PODS_PODFILE_DIR_PATH}/Podfile.lock",
				"${PODS_ROOT}/Manifest.lock",
			);
			name = "[CP] Check Pods Manifest.lock";
			outputFileListPaths = (
			);
			outputPaths = (
				"$(DERIVED_FILE_DIR)/Pods-Podcast-checkManifestLockResult.txt",
			);
			runOnlyForDeploymentPostprocessing = 0;
			shellPath = /bin/sh;
			shellScript = "diff \"${PODS_PODFILE_DIR_PATH}/Podfile.lock\" \"${PODS_ROOT}/Manifest.lock\" > /dev/null\nif [ $? != 0 ] ; then\n    # print error to STDERR\n    echo \"error: The sandbox is not in sync with the Podfile.lock. Run 'pod install' or update your CocoaPods installation.\" >&2\n    exit 1\nfi\n# This output is used by Xcode 'outputs' to avoid re-running this script phase.\necho \"SUCCESS\" > \"${SCRIPT_OUTPUT_FILE_0}\"\n";
			showEnvVarsInLog = 0;
		};
/* End PBXShellScriptBuildPhase section */

/* Begin PBXSourcesBuildPhase section */
		1F8439DD25DBB6F30087B7A6 /* Sources */ = {
			isa = PBXSourcesBuildPhase;
			buildActionMask = 2147483647;
			files = (
				1F7CBFF525EAA10A00E3FCFB /* FavouritesPodcastCell.swift in Sources */,
				1F8D833325E83385002761AD /* MainPlayerDetailsGesture.swift in Sources */,
				1F8439E925DBB6F30087B7A6 /* ViewController.swift in Sources */,
				1F29315A25DD09CA00A1886A /* EpisodeController.swift in Sources */,
				1F843A2825DBDAB10087B7A6 /* SearchController.swift in Sources */,
				1F7CBFF125EAA09B00E3FCFB /* FavouritesPodcastController.swift in Sources */,
				1FB9A86525DC10DD00476AF9 /* APIExtension.swift in Sources */,
				1FE9069C25DE4A0D0048B2AD /* PlayerDetailsView.swift in Sources */,
				1FB9A86125DC02A200476AF9 /* SearchResults.swift in Sources */,
				1F29317425DD3B0800A1886A /* RssExtension.swift in Sources */,
				1F29316E25DD153500A1886A /* EpisodesCell.swift in Sources */,
				1F8D832E25E82699002761AD /* MiniPlayerDetailsGesture.swift in Sources */,
				1F843A2D25DBDC570087B7A6 /* Podcast.swift in Sources */,
				1F8439E525DBB6F30087B7A6 /* AppDelegate.swift in Sources */,
				1FB5133225E6CDC800DCD729 /* RootController.swift in Sources */,
				1F8439FE25DBB7FE0087B7A6 /* MainTabBarController.swift in Sources */,
				1F8439E725DBB6F30087B7A6 /* SceneDelegate.swift in Sources */,
				1F8D833625E90858002761AD /* PlayerCommandControls.swift in Sources */,
				1F29316025DD0A4600A1886A /* Episodes.swift in Sources */,
				1F7CBFFC25EAB1D100E3FCFB /* FavouritePodcastState.swift in Sources */,
				1F83E76C25E639A000961107 /* CMTime.swift in Sources */,
				1FB9A87125DC197700476AF9 /* SearchCell.swift in Sources */,
			);
			runOnlyForDeploymentPostprocessing = 0;
		};
/* End PBXSourcesBuildPhase section */

/* Begin PBXVariantGroup section */
		1F8439EF25DBB6F60087B7A6 /* LaunchScreen.storyboard */ = {
			isa = PBXVariantGroup;
			children = (
				1F8439F025DBB6F60087B7A6 /* Base */,
			);
			name = LaunchScreen.storyboard;
			sourceTree = "<group>";
		};
/* End PBXVariantGroup section */

/* Begin XCBuildConfiguration section */
		1F8439F325DBB6F60087B7A6 /* Debug */ = {
			isa = XCBuildConfiguration;
			buildSettings = {
				ALWAYS_SEARCH_USER_PATHS = NO;
				CLANG_ANALYZER_NONNULL = YES;
				CLANG_ANALYZER_NUMBER_OBJECT_CONVERSION = YES_AGGRESSIVE;
				CLANG_CXX_LANGUAGE_STANDARD = "gnu++14";
				CLANG_CXX_LIBRARY = "libc++";
				CLANG_ENABLE_MODULES = YES;
				CLANG_ENABLE_OBJC_ARC = YES;
				CLANG_ENABLE_OBJC_WEAK = YES;
				CLANG_WARN_BLOCK_CAPTURE_AUTORELEASING = YES;
				CLANG_WARN_BOOL_CONVERSION = YES;
				CLANG_WARN_COMMA = YES;
				CLANG_WARN_CONSTANT_CONVERSION = YES;
				CLANG_WARN_DEPRECATED_OBJC_IMPLEMENTATIONS = YES;
				CLANG_WARN_DIRECT_OBJC_ISA_USAGE = YES_ERROR;
				CLANG_WARN_DOCUMENTATION_COMMENTS = YES;
				CLANG_WARN_EMPTY_BODY = YES;
				CLANG_WARN_ENUM_CONVERSION = YES;
				CLANG_WARN_INFINITE_RECURSION = YES;
				CLANG_WARN_INT_CONVERSION = YES;
				CLANG_WARN_NON_LITERAL_NULL_CONVERSION = YES;
				CLANG_WARN_OBJC_IMPLICIT_RETAIN_SELF = YES;
				CLANG_WARN_OBJC_LITERAL_CONVERSION = YES;
				CLANG_WARN_OBJC_ROOT_CLASS = YES_ERROR;
				CLANG_WARN_QUOTED_INCLUDE_IN_FRAMEWORK_HEADER = YES;
				CLANG_WARN_RANGE_LOOP_ANALYSIS = YES;
				CLANG_WARN_STRICT_PROTOTYPES = YES;
				CLANG_WARN_SUSPICIOUS_MOVE = YES;
				CLANG_WARN_UNGUARDED_AVAILABILITY = YES_AGGRESSIVE;
				CLANG_WARN_UNREACHABLE_CODE = YES;
				CLANG_WARN__DUPLICATE_METHOD_MATCH = YES;
				COPY_PHASE_STRIP = NO;
				DEBUG_INFORMATION_FORMAT = dwarf;
				ENABLE_STRICT_OBJC_MSGSEND = YES;
				ENABLE_TESTABILITY = YES;
				GCC_C_LANGUAGE_STANDARD = gnu11;
				GCC_DYNAMIC_NO_PIC = NO;
				GCC_NO_COMMON_BLOCKS = YES;
				GCC_OPTIMIZATION_LEVEL = 0;
				GCC_PREPROCESSOR_DEFINITIONS = (
					"DEBUG=1",
					"$(inherited)",
				);
				GCC_WARN_64_TO_32_BIT_CONVERSION = YES;
				GCC_WARN_ABOUT_RETURN_TYPE = YES_ERROR;
				GCC_WARN_UNDECLARED_SELECTOR = YES;
				GCC_WARN_UNINITIALIZED_AUTOS = YES_AGGRESSIVE;
				GCC_WARN_UNUSED_FUNCTION = YES;
				GCC_WARN_UNUSED_VARIABLE = YES;
				IPHONEOS_DEPLOYMENT_TARGET = 14.3;
				MTL_ENABLE_DEBUG_INFO = INCLUDE_SOURCE;
				MTL_FAST_MATH = YES;
				ONLY_ACTIVE_ARCH = YES;
				SDKROOT = iphoneos;
				SWIFT_ACTIVE_COMPILATION_CONDITIONS = DEBUG;
				SWIFT_OPTIMIZATION_LEVEL = "-Onone";
			};
			name = Debug;
		};
		1F8439F425DBB6F60087B7A6 /* Release */ = {
			isa = XCBuildConfiguration;
			buildSettings = {
				ALWAYS_SEARCH_USER_PATHS = NO;
				CLANG_ANALYZER_NONNULL = YES;
				CLANG_ANALYZER_NUMBER_OBJECT_CONVERSION = YES_AGGRESSIVE;
				CLANG_CXX_LANGUAGE_STANDARD = "gnu++14";
				CLANG_CXX_LIBRARY = "libc++";
				CLANG_ENABLE_MODULES = YES;
				CLANG_ENABLE_OBJC_ARC = YES;
				CLANG_ENABLE_OBJC_WEAK = YES;
				CLANG_WARN_BLOCK_CAPTURE_AUTORELEASING = YES;
				CLANG_WARN_BOOL_CONVERSION = YES;
				CLANG_WARN_COMMA = YES;
				CLANG_WARN_CONSTANT_CONVERSION = YES;
				CLANG_WARN_DEPRECATED_OBJC_IMPLEMENTATIONS = YES;
				CLANG_WARN_DIRECT_OBJC_ISA_USAGE = YES_ERROR;
				CLANG_WARN_DOCUMENTATION_COMMENTS = YES;
				CLANG_WARN_EMPTY_BODY = YES;
				CLANG_WARN_ENUM_CONVERSION = YES;
				CLANG_WARN_INFINITE_RECURSION = YES;
				CLANG_WARN_INT_CONVERSION = YES;
				CLANG_WARN_NON_LITERAL_NULL_CONVERSION = YES;
				CLANG_WARN_OBJC_IMPLICIT_RETAIN_SELF = YES;
				CLANG_WARN_OBJC_LITERAL_CONVERSION = YES;
				CLANG_WARN_OBJC_ROOT_CLASS = YES_ERROR;
				CLANG_WARN_QUOTED_INCLUDE_IN_FRAMEWORK_HEADER = YES;
				CLANG_WARN_RANGE_LOOP_ANALYSIS = YES;
				CLANG_WARN_STRICT_PROTOTYPES = YES;
				CLANG_WARN_SUSPICIOUS_MOVE = YES;
				CLANG_WARN_UNGUARDED_AVAILABILITY = YES_AGGRESSIVE;
				CLANG_WARN_UNREACHABLE_CODE = YES;
				CLANG_WARN__DUPLICATE_METHOD_MATCH = YES;
				COPY_PHASE_STRIP = NO;
				DEBUG_INFORMATION_FORMAT = "dwarf-with-dsym";
				ENABLE_NS_ASSERTIONS = NO;
				ENABLE_STRICT_OBJC_MSGSEND = YES;
				GCC_C_LANGUAGE_STANDARD = gnu11;
				GCC_NO_COMMON_BLOCKS = YES;
				GCC_WARN_64_TO_32_BIT_CONVERSION = YES;
				GCC_WARN_ABOUT_RETURN_TYPE = YES_ERROR;
				GCC_WARN_UNDECLARED_SELECTOR = YES;
				GCC_WARN_UNINITIALIZED_AUTOS = YES_AGGRESSIVE;
				GCC_WARN_UNUSED_FUNCTION = YES;
				GCC_WARN_UNUSED_VARIABLE = YES;
				IPHONEOS_DEPLOYMENT_TARGET = 14.3;
				MTL_ENABLE_DEBUG_INFO = NO;
				MTL_FAST_MATH = YES;
				SDKROOT = iphoneos;
				SWIFT_COMPILATION_MODE = wholemodule;
				SWIFT_OPTIMIZATION_LEVEL = "-O";
				VALIDATE_PRODUCT = YES;
			};
			name = Release;
		};
		1F8439F625DBB6F60087B7A6 /* Debug */ = {
			isa = XCBuildConfiguration;
			baseConfigurationReference = 75D91F013331397C4446E7B7 /* Pods-Podcast.debug.xcconfig */;
			buildSettings = {
				ASSETCATALOG_COMPILER_APPICON_NAME = AppIcon;
				ASSETCATALOG_COMPILER_GLOBAL_ACCENT_COLOR_NAME = AccentColor;
				CODE_SIGN_STYLE = Automatic;
				DEVELOPMENT_TEAM = UKVXB7RK5W;
				INFOPLIST_FILE = Podcast/Info.plist;
				LD_RUNPATH_SEARCH_PATHS = (
					"$(inherited)",
					"@executable_path/Frameworks",
				);
				PRODUCT_BUNDLE_IDENTIFIER = "Kingsley-Charles.Podcast";
				PRODUCT_NAME = "$(TARGET_NAME)";
				SWIFT_VERSION = 5.0;
				TARGETED_DEVICE_FAMILY = "1,2";
			};
			name = Debug;
		};
		1F8439F725DBB6F60087B7A6 /* Release */ = {
			isa = XCBuildConfiguration;
			baseConfigurationReference = A0770A456885AC087E30B4B0 /* Pods-Podcast.release.xcconfig */;
			buildSettings = {
				ASSETCATALOG_COMPILER_APPICON_NAME = AppIcon;
				ASSETCATALOG_COMPILER_GLOBAL_ACCENT_COLOR_NAME = AccentColor;
				CODE_SIGN_STYLE = Automatic;
				DEVELOPMENT_TEAM = UKVXB7RK5W;
				INFOPLIST_FILE = Podcast/Info.plist;
				LD_RUNPATH_SEARCH_PATHS = (
					"$(inherited)",
					"@executable_path/Frameworks",
				);
				PRODUCT_BUNDLE_IDENTIFIER = "Kingsley-Charles.Podcast";
				PRODUCT_NAME = "$(TARGET_NAME)";
				SWIFT_VERSION = 5.0;
				TARGETED_DEVICE_FAMILY = "1,2";
			};
			name = Release;
		};
/* End XCBuildConfiguration section */

/* Begin XCConfigurationList section */
		1F8439DC25DBB6F30087B7A6 /* Build configuration list for PBXProject "Podcast" */ = {
			isa = XCConfigurationList;
			buildConfigurations = (
				1F8439F325DBB6F60087B7A6 /* Debug */,
				1F8439F425DBB6F60087B7A6 /* Release */,
			);
			defaultConfigurationIsVisible = 0;
			defaultConfigurationName = Release;
		};
		1F8439F525DBB6F60087B7A6 /* Build configuration list for PBXNativeTarget "Podcast" */ = {
			isa = XCConfigurationList;
			buildConfigurations = (
				1F8439F625DBB6F60087B7A6 /* Debug */,
				1F8439F725DBB6F60087B7A6 /* Release */,
			);
			defaultConfigurationIsVisible = 0;
			defaultConfigurationName = Release;
		};
/* End XCConfigurationList section */
	};
	rootObject = 1F8439D925DBB6F30087B7A6 /* Project object */;
}
